
Microsoft Visual Studio Solution File, Format Version 12.00
# Visual Studio Version 16
VisualStudioVersion = 16.0.31019.35
MinimumVisualStudioVersion = 10.0.40219.1
Project("{9A19103F-16F7-4668-BE54-9A1E7A4F7556}") = "WebApi", "WebApi\WebApi.csproj", "{9177E711-5E4E-45FB-A234-044D3883FF4A}"
EndProject
Project("{9A19103F-16F7-4668-BE54-9A1E7A4F7556}") = "WebApp", "WebApp\WebApp.csproj", "{AA672B53-586C-4454-9903-69B34328CD1F}"
EndProject
Project("{E53339B2-1760-4266-BCC7-CA923CBCF16C}") = "docker-compose", "docker-compose.dcproj", "{7E97B131-B1B5-422C-A2CE-B472A9D3A492}"
EndProject
Global
	GlobalSection(SolutionConfigurationPlatforms) = preSolution
		Debug|Any CPU = Debug|Any CPU
		Release|Any CPU = Release|Any CPU
	EndGlobalSection
	GlobalSection(ProjectConfigurationPlatforms) = postSolution
		{9177E711-5E4E-45FB-A234-044D3883FF4A}.Debug|Any CPU.ActiveCfg = Debug|Any CPU
		{9177E711-5E4E-45FB-A234-044D3883FF4A}.Debug|Any CPU.Build.0 = Debug|Any CPU
		{9177E711-5E4E-45FB-A234-044D3883FF4A}.Release|Any CPU.ActiveCfg = Release|Any CPU
		{9177E711-5E4E-45FB-A234-044D3883FF4A}.Release|Any CPU.Build.0 = Release|Any CPU
		{AA672B53-586C-4454-9903-69B34328CD1F}.Debug|Any CPU.ActiveCfg = Debug|Any CPU
		{AA672B53-586C-4454-9903-69B34328CD1F}.Debug|Any CPU.Build.0 = Debug|Any CPU
		{AA672B53-586C-4454-9903-69B34328CD1F}.Release|Any CPU.ActiveCfg = Release|Any CPU
		{AA672B53-586C-4454-9903-69B34328CD1F}.Release|Any CPU.Build.0 = Release|Any CPU
		{7E97B131-B1B5-422C-A2CE-B472A9D3A492}.Debug|Any CPU.ActiveCfg = Debug|Any CPU
		{7E97B131-B1B5-422C-A2CE-B472A9D3A492}.Debug|Any CPU.Build.0 = Debug|Any CPU
		{7E97B131-B1B5-422C-A2CE-B472A9D3A492}.Release|Any CPU.ActiveCfg = Release|Any CPU
		{7E97B131-B1B5-422C-A2CE-B472A9D3A492}.Release|Any CPU.Build.0 = Release|Any CPU
	EndGlobalSection
	GlobalSection(SolutionProperties) = preSolution
		HideSolutionNode = FALSE
	EndGlobalSection
	GlobalSection(ExtensibilityGlobals) = postSolution
		SolutionGuid = {800CBA0A-4397-46EB-A06B-15784B5FE693}
	EndGlobalSection
EndGlobal
